
Microsoft Visual Studio Solution File, Format Version 12.00
# Visual Studio Version 17
VisualStudioVersion = 17.13.35919.96
MinimumVisualStudioVersion = 10.0.40219.1
Project("{FAE04EC0-301F-11D3-BF4B-00C04F79EFBC}") = "EHRIS.Web", "EHRIS.Web\EHRIS.Web.csproj", "{B614F3F1-F40C-01C9-1872-E1CAAAD40A71}"
EndProject
Project("{FAE04EC0-301F-11D3-BF4B-00C04F79EFBC}") = "EHRIS.Core", "EHRIS.Core\EHRIS.Core.csproj", "{054BB914-4124-4C58-8DC8-C9E52488B41C}"
EndProject
Project("{FAE04EC0-301F-11D3-BF4B-00C04F79EFBC}") = "EHRIS.Security", "EHRIS.Security\EHRIS.Security.csproj", "{265B016C-F85E-4833-9616-EF217B4F01B7}"
EndProject
Project("{FAE04EC0-301F-11D3-BF4B-00C04F79EFBC}") = "EHRIS.Services", "EHRIS.Services\EHRIS.Services.csproj", "{15464E98-E172-4E9E-933F-55E63E27E0BB}"
EndProject
Project("{FAE04EC0-301F-11D3-BF4B-00C04F79EFBC}") = "EHRIS.SysBasic", "EHRIS.SysBasic\EHRIS.SysBasic.csproj", "{EABAEC2C-3758-4EA6-B618-DAEE0D980906}"
EndProject
Project("{FAE04EC0-301F-11D3-BF4B-00C04F79EFBC}") = "EHRIS.Report", "EHRIS.Report\EHRIS.Report.csproj", "{A140D577-4585-4BAA-AECF-E2E2A23D2311}"
EndProject
Project("{2150E333-8FDC-42A3-9474-1A3956D46DE8}") = "Schedule", "Schedule", "{02EA681E-C7D8-13C7-8484-4AC65E1B71E8}"
EndProject
Project("{FAE04EC0-301F-11D3-BF4B-00C04F79EFBC}") = "EHRIS.Schedule.MailQue", "EHRIS.Schedule.MailQue\EHRIS.Schedule.MailQue.csproj", "{3B1986B0-900E-55A1-887E-15E87270E6BB}"
EndProject
Project("{2150E333-8FDC-42A3-9474-1A3956D46DE8}") = "Tools", "Tools", "{7673EA46-56B2-4E5B-9FA6-C73BC621A8C4}"
EndProject
Project("{FAE04EC0-301F-11D3-BF4B-00C04F79EFBC}") = "EHRIS.Tools", "EHRIS.Tools\EHRIS.Tools.csproj", "{73F97CF3-80D4-455C-9B0B-578B90538D7A}"
EndProject
Project("{FAE04EC0-301F-11D3-BF4B-00C04F79EFBC}") = "EHRIS.WebAPI", "EHRIS.WebAPI\EHRIS.WebAPI.csproj", "{7D4A0EA9-DEEA-4DB2-B0D8-4890CAAF176A}"
EndProject
Project("{FAE04EC0-301F-11D3-BF4B-00C04F79EFBC}") = "EHRIS.Web.Shared", "EHRIS.Web.Shared\EHRIS.Web.Shared.csproj", "{6CA41181-9E6A-4A5A-BE66-0D5E8EEDF4B2}"
EndProject
Project("{FAE04EC0-301F-11D3-BF4B-00C04F79EFBC}") = "EHRIS.Infrastructure", "EHRIS.Infrastructure\EHRIS.Infrastructure.csproj", "{F016FBFF-8269-46C6-901A-239BC863647F}"
EndProject
Global
	GlobalSection(SolutionConfigurationPlatforms) = preSolution
		Debug|Any CPU = Debug|Any CPU
		Release|Any CPU = Release|Any CPU
	EndGlobalSection
	GlobalSection(ProjectConfigurationPlatforms) = postSolution
		{B614F3F1-F40C-01C9-1872-E1CAAAD40A71}.Debug|Any CPU.ActiveCfg = Debug|Any CPU
		{B614F3F1-F40C-01C9-1872-E1CAAAD40A71}.Debug|Any CPU.Build.0 = Debug|Any CPU
		{B614F3F1-F40C-01C9-1872-E1CAAAD40A71}.Release|Any CPU.ActiveCfg = Release|Any CPU
		{B614F3F1-F40C-01C9-1872-E1CAAAD40A71}.Release|Any CPU.Build.0 = Release|Any CPU
		{054BB914-4124-4C58-8DC8-C9E52488B41C}.Debug|Any CPU.ActiveCfg = Debug|Any CPU
		{054BB914-4124-4C58-8DC8-C9E52488B41C}.Debug|Any CPU.Build.0 = Debug|Any CPU
		{054BB914-4124-4C58-8DC8-C9E52488B41C}.Release|Any CPU.ActiveCfg = Release|Any CPU
		{054BB914-4124-4C58-8DC8-C9E52488B41C}.Release|Any CPU.Build.0 = Release|Any CPU
		{265B016C-F85E-4833-9616-EF217B4F01B7}.Debug|Any CPU.ActiveCfg = Debug|Any CPU
		{265B016C-F85E-4833-9616-EF217B4F01B7}.Debug|Any CPU.Build.0 = Debug|Any CPU
		{265B016C-F85E-4833-9616-EF217B4F01B7}.Release|Any CPU.ActiveCfg = Release|Any CPU
		{265B016C-F85E-4833-9616-EF217B4F01B7}.Release|Any CPU.Build.0 = Release|Any CPU
		{15464E98-E172-4E9E-933F-55E63E27E0BB}.Debug|Any CPU.ActiveCfg = Debug|Any CPU
		{15464E98-E172-4E9E-933F-55E63E27E0BB}.Debug|Any CPU.Build.0 = Debug|Any CPU
		{15464E98-E172-4E9E-933F-55E63E27E0BB}.Release|Any CPU.ActiveCfg = Release|Any CPU
		{15464E98-E172-4E9E-933F-55E63E27E0BB}.Release|Any CPU.Build.0 = Release|Any CPU
		{EABAEC2C-3758-4EA6-B618-DAEE0D980906}.Debug|Any CPU.ActiveCfg = Debug|Any CPU
		{EABAEC2C-3758-4EA6-B618-DAEE0D980906}.Debug|Any CPU.Build.0 = Debug|Any CPU
		{EABAEC2C-3758-4EA6-B618-DAEE0D980906}.Release|Any CPU.ActiveCfg = Release|Any CPU
		{EABAEC2C-3758-4EA6-B618-DAEE0D980906}.Release|Any CPU.Build.0 = Release|Any CPU
		{A140D577-4585-4BAA-AECF-E2E2A23D2311}.Debug|Any CPU.ActiveCfg = Debug|Any CPU
		{A140D577-4585-4BAA-AECF-E2E2A23D2311}.Debug|Any CPU.Build.0 = Debug|Any CPU
		{A140D577-4585-4BAA-AECF-E2E2A23D2311}.Release|Any CPU.ActiveCfg = Release|Any CPU
		{A140D577-4585-4BAA-AECF-E2E2A23D2311}.Release|Any CPU.Build.0 = Release|Any CPU
		{3B1986B0-900E-55A1-887E-15E87270E6BB}.Debug|Any CPU.ActiveCfg = Debug|Any CPU
		{3B1986B0-900E-55A1-887E-15E87270E6BB}.Debug|Any CPU.Build.0 = Debug|Any CPU
		{3B1986B0-900E-55A1-887E-15E87270E6BB}.Release|Any CPU.ActiveCfg = Release|Any CPU
		{3B1986B0-900E-55A1-887E-15E87270E6BB}.Release|Any CPU.Build.0 = Release|Any CPU
		{73F97CF3-80D4-455C-9B0B-578B90538D7A}.Debug|Any CPU.ActiveCfg = Debug|Any CPU
		{73F97CF3-80D4-455C-9B0B-578B90538D7A}.Debug|Any CPU.Build.0 = Debug|Any CPU
		{73F97CF3-80D4-455C-9B0B-578B90538D7A}.Release|Any CPU.ActiveCfg = Release|Any CPU
		{73F97CF3-80D4-455C-9B0B-578B90538D7A}.Release|Any CPU.Build.0 = Release|Any CPU
		{7D4A0EA9-DEEA-4DB2-B0D8-4890CAAF176A}.Debug|Any CPU.ActiveCfg = Debug|Any CPU
		{7D4A0EA9-DEEA-4DB2-B0D8-4890CAAF176A}.Debug|Any CPU.Build.0 = Debug|Any CPU
		{7D4A0EA9-DEEA-4DB2-B0D8-4890CAAF176A}.Release|Any CPU.ActiveCfg = Release|Any CPU
		{7D4A0EA9-DEEA-4DB2-B0D8-4890CAAF176A}.Release|Any CPU.Build.0 = Release|Any CPU
		{6CA41181-9E6A-4A5A-BE66-0D5E8EEDF4B2}.Debug|Any CPU.ActiveCfg = Debug|Any CPU
		{6CA41181-9E6A-4A5A-BE66-0D5E8EEDF4B2}.Debug|Any CPU.Build.0 = Debug|Any CPU
		{6CA41181-9E6A-4A5A-BE66-0D5E8EEDF4B2}.Release|Any CPU.ActiveCfg = Release|Any CPU
		{6CA41181-9E6A-4A5A-BE66-0D5E8EEDF4B2}.Release|Any CPU.Build.0 = Release|Any CPU
		{F016FBFF-8269-46C6-901A-239BC863647F}.Debug|Any CPU.ActiveCfg = Debug|Any CPU
		{F016FBFF-8269-46C6-901A-239BC863647F}.Debug|Any CPU.Build.0 = Debug|Any CPU
		{F016FBFF-8269-46C6-901A-239BC863647F}.Release|Any CPU.ActiveCfg = Release|Any CPU
		{F016FBFF-8269-46C6-901A-239BC863647F}.Release|Any CPU.Build.0 = Release|Any CPU
	EndGlobalSection
	GlobalSection(SolutionProperties) = preSolution
		HideSolutionNode = FALSE
	EndGlobalSection
	GlobalSection(NestedProjects) = preSolution
		{3B1986B0-900E-55A1-887E-15E87270E6BB} = {02EA681E-C7D8-13C7-8484-4AC65E1B71E8}
		{73F97CF3-80D4-455C-9B0B-578B90538D7A} = {7673EA46-56B2-4E5B-9FA6-C73BC621A8C4}
	EndGlobalSection
	GlobalSection(ExtensibilityGlobals) = postSolution
		SolutionGuid = {3F4900F8-50A7-4CA4-ABB5-54693C08CA0C}
	EndGlobalSection
EndGlobal
